{
  "version": 4,
  "terraform_version": "1.8.2",
  "serial": 65,
  "lineage": "dbd44910-9e6d-2635-15ff-d2c9e6244660",
  "outputs": {},
  "resources": [
    {
      "mode": "managed",
      "type": "github_branch",
      "name": "feature1",
      "provider": "provider[\"registry.terraform.io/integrations/github\"]",
      "instances": [
        {
          "schema_version": 0,
          "attributes": {
            "branch": "feature1",
            "etag": "W/\"a727e2bd406114415fd6b76ce7bffb69d1ca57fcf96ff027821096682336d4b1\"",
            "id": "webpage:feature1",
            "ref": "refs/heads/feature1",
            "repository": "webpage",
            "sha": "86bde686f338a02aff063a128705af356de56885",
            "source_branch": "develop",
            "source_sha": "86bde686f338a02aff063a128705af356de56885"
          },
          "sensitive_attributes": [],
          "private": "bnVsbA==",
          "dependencies": [
            "github_repository.webpage"
          ]
        }
      ]
    },
    {
      "mode": "managed",
      "type": "github_branch",
      "name": "hotfix",
      "provider": "provider[\"registry.terraform.io/integrations/github\"]",
      "instances": [
        {
          "schema_version": 0,
          "attributes": {
            "branch": "hotfix",
            "etag": "W/\"46604e9447b611bc42afebb182cc7d3c0063f0a4dee8d3ff7fb9741fb5acff9e\"",
            "id": "webpage:hotfix",
            "ref": "refs/heads/hotfix",
            "repository": "webpage",
            "sha": "86bde686f338a02aff063a128705af356de56885",
            "source_branch": "develop",
            "source_sha": "86bde686f338a02aff063a128705af356de56885"
          },
          "sensitive_attributes": [],
          "private": "bnVsbA==",
          "dependencies": [
            "github_repository.webpage"
          ]
        }
      ]
    },
    {
      "mode": "managed",
      "type": "github_branch",
      "name": "testing",
      "provider": "provider[\"registry.terraform.io/integrations/github\"]",
      "instances": [
        {
          "schema_version": 0,
          "attributes": {
            "branch": "testing",
            "etag": "W/\"99599e0be6a2b9b9a58fe57b7ec2862b78c9ccfe865402eeb39a1065591010b9\"",
            "id": "webpage:testing",
            "ref": "refs/heads/testing",
            "repository": "webpage",
            "sha": "86bde686f338a02aff063a128705af356de56885",
            "source_branch": "develop",
            "source_sha": "86bde686f338a02aff063a128705af356de56885"
          },
          "sensitive_attributes": [],
          "private": "bnVsbA==",
          "dependencies": [
            "github_repository.webpage"
          ]
        }
      ]
    },
    {
      "mode": "managed",
      "type": "github_repository",
      "name": "webpage",
      "provider": "provider[\"registry.terraform.io/integrations/github\"]",
      "instances": [
        {
          "schema_version": 1,
          "attributes": {
            "allow_auto_merge": false,
            "allow_merge_commit": true,
            "allow_rebase_merge": true,
            "allow_squash_merge": true,
            "allow_update_branch": false,
            "archive_on_destroy": null,
            "archived": false,
            "auto_init": null,
            "default_branch": "develop",
            "delete_branch_on_merge": false,
            "description": "My awesome web page",
            "etag": "W/\"cfb44f0943556349bea2383c90519a30b6a296147907c9daf5d77da79b976a02\"",
            "full_name": "jhrodriguezi/webpage",
            "git_clone_url": "git://github.com/jhrodriguezi/webpage.git",
            "gitignore_template": null,
            "has_discussions": false,
            "has_downloads": false,
            "has_issues": false,
            "has_projects": false,
            "has_wiki": false,
            "homepage_url": "",
            "html_url": "https://github.com/jhrodriguezi/webpage",
            "http_clone_url": "https://github.com/jhrodriguezi/webpage.git",
            "id": "webpage",
            "ignore_vulnerability_alerts_during_read": null,
            "is_template": false,
            "license_template": null,
            "merge_commit_message": "PR_TITLE",
            "merge_commit_title": "MERGE_MESSAGE",
            "name": "webpage",
            "node_id": "R_kgDOL0jyRQ",
            "pages": [],
            "primary_language": "",
            "private": false,
            "repo_id": 793309765,
            "security_and_analysis": [
              {
                "advanced_security": [],
                "secret_scanning": [
                  {
                    "status": "enabled"
                  }
                ],
                "secret_scanning_push_protection": [
                  {
                    "status": "enabled"
                  }
                ]
              }
            ],
            "squash_merge_commit_message": "COMMIT_MESSAGES",
            "squash_merge_commit_title": "COMMIT_OR_PR_TITLE",
            "ssh_clone_url": "git@github.com:jhrodriguezi/webpage.git",
            "svn_url": "https://github.com/jhrodriguezi/webpage",
            "template": [
              {
                "include_all_branches": false,
                "owner": "luismayta",
                "repository": "terraform-module-template"
              }
            ],
            "topics": [],
            "visibility": "public",
            "vulnerability_alerts": false,
            "web_commit_signoff_required": false
          },
          "sensitive_attributes": [],
          "private": "eyJzY2hlbWFfdmVyc2lvbiI6IjEifQ=="
        }
      ]
    }
  ],
  "check_results": null
}
